{
  "name": "hello_world",
  "version": "1.0.0",
  "lockfileVersion": 1,
  "requires": true,
  "dependencies": {
    "@types/luxon": {
      "version": "1.10.2",
      "resolved": "https://registry.npmjs.org/@types/luxon/-/luxon-1.10.2.tgz",
      "integrity": "sha512-LEqrz+1tzeWwyzmC9hJ6negMjGGc1ABaAwVPwkeN1a2/Oqql/SowlcENFd5e2EkWYJd7FhMojFBTuyWOPUx8sg==",
      "dev": true
    },
    "luxon": {
      "version": "1.10.0",
      "resolved": "https://registry.npmjs.org/luxon/-/luxon-1.10.0.tgz",
      "integrity": "sha512-ry3GKh//v3isD6oJN5pFWmdh+3GiScwv9q8VgG6fZ2j1guGOol2vVVdo4GBAWCrcq5RHOqSeipqHBnOu/u024Q=="
    }
  }
}
